
Microsoft Visual Studio Solution File, Format Version 12.00
# Visual Studio Version 17
VisualStudioVersion = 17.5.33530.505
MinimumVisualStudioVersion = 10.0.40219.1
Project("{8BC9CEB8-8B4A-11D0-8D11-00A0C91BC942}") = "frenchy-csgo-external", "frenchy-csgo-external.vcxproj", "{54C485BA-DC27-49AB-9529-92E7A581803F}"
EndProject
Global
	GlobalSection(SolutionConfigurationPlatforms) = preSolution
		Debug|x64 = Debug|x64
		Debug|x86 = Debug|x86
		Release|x64 = Release|x64
		Release|x86 = Release|x86
	EndGlobalSection
	GlobalSection(ProjectConfigurationPlatforms) = postSolution
		{54C485BA-DC27-49AB-9529-92E7A581803F}.Debug|x64.ActiveCfg = Debug|x64
		{54C485BA-DC27-49AB-9529-92E7A581803F}.Debug|x64.Build.0 = Debug|x64
		{54C485BA-DC27-49AB-9529-92E7A581803F}.Debug|x86.ActiveCfg = Debug|Win32
		{54C485BA-DC27-49AB-9529-92E7A581803F}.Debug|x86.Build.0 = Debug|Win32
		{54C485BA-DC27-49AB-9529-92E7A581803F}.Release|x64.ActiveCfg = Release|x64
		{54C485BA-DC27-49AB-9529-92E7A581803F}.Release|x64.Build.0 = Release|x64
		{54C485BA-DC27-49AB-9529-92E7A581803F}.Release|x86.ActiveCfg = Release|Win32
		{54C485BA-DC27-49AB-9529-92E7A581803F}.Release|x86.Build.0 = Release|Win32
	EndGlobalSection
	GlobalSection(SolutionProperties) = preSolution
		HideSolutionNode = FALSE
	EndGlobalSection
	GlobalSection(ExtensibilityGlobals) = postSolution
		SolutionGuid = {B3EB8E11-3724-4331-B73E-A8BEBA3B66D6}
	EndGlobalSection
EndGlobal
